# THIS IS AN AUTOGENERATED FILE. DO NOT EDIT THIS FILE DIRECTLY.
# yarn lockfile v1


qutejs@^1.1.1:
  version "1.1.1"
  resolved "https://registry.yarnpkg.com/qutejs/-/qutejs-1.1.1.tgz#117510492d2e30e96d568f7eff94c24a345dcfa4"
  integrity sha512-ZZuYypiC8HgW+1RzoORURy7H/fND7Yq+53s72j3Fd2rUgGwn/H/7W73PeH8nZkQrP86n60Ukejr0KcdwmYaO/g==
